
Microsoft Visual Studio Solution File, Format Version 12.00
# Visual Studio 15
VisualStudioVersion = 15.0.26730.16
MinimumVisualStudioVersion = 10.0.40219.1
Project("{FAE04EC0-301F-11D3-BF4B-00C04F79EFBC}") = "zad5", "zad5\zad5.csproj", "{AB2951B1-2796-441F-89E4-21FA01D193A1}"
EndProject
Project("{FAE04EC0-301F-11D3-BF4B-00C04F79EFBC}") = "zad6", "zad6\zad6.csproj", "{500C75EA-7DC2-4CB1-9511-6A84E952721A}"
EndProject
Project("{FAE04EC0-301F-11D3-BF4B-00C04F79EFBC}") = "zad7", "zad7\zad7.csproj", "{5DFC69AB-2AFA-42A1-8158-74D82250C449}"
EndProject
Project("{FAE04EC0-301F-11D3-BF4B-00C04F79EFBC}") = "zad8", "zad8\zad8.csproj", "{59A50CAF-F66E-443B-A9AC-FBD1AB682D7E}"
EndProject
Project("{FAE04EC0-301F-11D3-BF4B-00C04F79EFBC}") = "zad1", "zad1\zad1.csproj", "{6708F8C3-E536-4857-B1CE-0F29AFC4CDC2}"
EndProject
Project("{FAE04EC0-301F-11D3-BF4B-00C04F79EFBC}") = "zad2", "zad2\zad2.csproj", "{0049DDDF-9460-4B97-B5A7-AD3B7C1361A1}"
EndProject
Project("{FAE04EC0-301F-11D3-BF4B-00C04F79EFBC}") = "zad3", "zad3\zad3.csproj", "{9E583646-073E-4161-8E64-BF7B190CB33D}"
EndProject
Project("{FAE04EC0-301F-11D3-BF4B-00C04F79EFBC}") = "zad4", "zad4\zad4.csproj", "{33F19B13-188C-4670-9310-30C7AE83C7AE}"
EndProject
Project("{FAE04EC0-301F-11D3-BF4B-00C04F79EFBC}") = "prezentacja_zad12", "prezentacja_zad12\prezentacja_zad12.csproj", "{097DF42A-CAEC-4A7F-BDB7-E200C0DA2665}"
EndProject
Project("{FAE04EC0-301F-11D3-BF4B-00C04F79EFBC}") = "prezentacja_zad13", "prezentacja_zad13\prezentacja_zad13.csproj", "{47E96E8D-C425-4B49-BC11-BF4607CF4D7D}"
EndProject
Project("{FAE04EC0-301F-11D3-BF4B-00C04F79EFBC}") = "prezentacja_zad14", "prezentacja_zad14\prezentacja_zad14.csproj", "{EDCDB1E1-9764-4803-89FE-B3C30831D3AE}"
EndProject
Project("{FAE04EC0-301F-11D3-BF4B-00C04F79EFBC}") = "prezentacja_zad15", "prezentacja_zad15\prezentacja_zad15.csproj", "{F077B1D0-8548-496E-A28A-1C99F5C1B489}"
EndProject
Project("{FAE04EC0-301F-11D3-BF4B-00C04F79EFBC}") = "zad9", "zad9\zad9.csproj", "{2398BBE1-948C-43D2-BF93-46D9C26A455F}"
EndProject
Project("{FAE04EC0-301F-11D3-BF4B-00C04F79EFBC}") = "zad10", "zad10\zad10.csproj", "{16B97E64-798C-47D7-AC30-E96162232AAC}"
EndProject
Global
	GlobalSection(SolutionConfigurationPlatforms) = preSolution
		Debug|Any CPU = Debug|Any CPU
		Release|Any CPU = Release|Any CPU
	EndGlobalSection
	GlobalSection(ProjectConfigurationPlatforms) = postSolution
		{AB2951B1-2796-441F-89E4-21FA01D193A1}.Debug|Any CPU.ActiveCfg = Debug|Any CPU
		{AB2951B1-2796-441F-89E4-21FA01D193A1}.Debug|Any CPU.Build.0 = Debug|Any CPU
		{AB2951B1-2796-441F-89E4-21FA01D193A1}.Release|Any CPU.ActiveCfg = Release|Any CPU
		{AB2951B1-2796-441F-89E4-21FA01D193A1}.Release|Any CPU.Build.0 = Release|Any CPU
		{500C75EA-7DC2-4CB1-9511-6A84E952721A}.Debug|Any CPU.ActiveCfg = Debug|Any CPU
		{500C75EA-7DC2-4CB1-9511-6A84E952721A}.Debug|Any CPU.Build.0 = Debug|Any CPU
		{500C75EA-7DC2-4CB1-9511-6A84E952721A}.Release|Any CPU.ActiveCfg = Release|Any CPU
		{500C75EA-7DC2-4CB1-9511-6A84E952721A}.Release|Any CPU.Build.0 = Release|Any CPU
		{5DFC69AB-2AFA-42A1-8158-74D82250C449}.Debug|Any CPU.ActiveCfg = Debug|Any CPU
		{5DFC69AB-2AFA-42A1-8158-74D82250C449}.Debug|Any CPU.Build.0 = Debug|Any CPU
		{5DFC69AB-2AFA-42A1-8158-74D82250C449}.Release|Any CPU.ActiveCfg = Release|Any CPU
		{5DFC69AB-2AFA-42A1-8158-74D82250C449}.Release|Any CPU.Build.0 = Release|Any CPU
		{59A50CAF-F66E-443B-A9AC-FBD1AB682D7E}.Debug|Any CPU.ActiveCfg = Debug|Any CPU
		{59A50CAF-F66E-443B-A9AC-FBD1AB682D7E}.Debug|Any CPU.Build.0 = Debug|Any CPU
		{59A50CAF-F66E-443B-A9AC-FBD1AB682D7E}.Release|Any CPU.ActiveCfg = Release|Any CPU
		{59A50CAF-F66E-443B-A9AC-FBD1AB682D7E}.Release|Any CPU.Build.0 = Release|Any CPU
		{6708F8C3-E536-4857-B1CE-0F29AFC4CDC2}.Debug|Any CPU.ActiveCfg = Debug|Any CPU
		{6708F8C3-E536-4857-B1CE-0F29AFC4CDC2}.Debug|Any CPU.Build.0 = Debug|Any CPU
		{6708F8C3-E536-4857-B1CE-0F29AFC4CDC2}.Release|Any CPU.ActiveCfg = Release|Any CPU
		{6708F8C3-E536-4857-B1CE-0F29AFC4CDC2}.Release|Any CPU.Build.0 = Release|Any CPU
		{0049DDDF-9460-4B97-B5A7-AD3B7C1361A1}.Debug|Any CPU.ActiveCfg = Debug|Any CPU
		{0049DDDF-9460-4B97-B5A7-AD3B7C1361A1}.Debug|Any CPU.Build.0 = Debug|Any CPU
		{0049DDDF-9460-4B97-B5A7-AD3B7C1361A1}.Release|Any CPU.ActiveCfg = Release|Any CPU
		{0049DDDF-9460-4B97-B5A7-AD3B7C1361A1}.Release|Any CPU.Build.0 = Release|Any CPU
		{9E583646-073E-4161-8E64-BF7B190CB33D}.Debug|Any CPU.ActiveCfg = Debug|Any CPU
		{9E583646-073E-4161-8E64-BF7B190CB33D}.Debug|Any CPU.Build.0 = Debug|Any CPU
		{9E583646-073E-4161-8E64-BF7B190CB33D}.Release|Any CPU.ActiveCfg = Release|Any CPU
		{9E583646-073E-4161-8E64-BF7B190CB33D}.Release|Any CPU.Build.0 = Release|Any CPU
		{33F19B13-188C-4670-9310-30C7AE83C7AE}.Debug|Any CPU.ActiveCfg = Debug|Any CPU
		{33F19B13-188C-4670-9310-30C7AE83C7AE}.Debug|Any CPU.Build.0 = Debug|Any CPU
		{33F19B13-188C-4670-9310-30C7AE83C7AE}.Release|Any CPU.ActiveCfg = Release|Any CPU
		{33F19B13-188C-4670-9310-30C7AE83C7AE}.Release|Any CPU.Build.0 = Release|Any CPU
		{097DF42A-CAEC-4A7F-BDB7-E200C0DA2665}.Debug|Any CPU.ActiveCfg = Debug|Any CPU
		{097DF42A-CAEC-4A7F-BDB7-E200C0DA2665}.Debug|Any CPU.Build.0 = Debug|Any CPU
		{097DF42A-CAEC-4A7F-BDB7-E200C0DA2665}.Release|Any CPU.ActiveCfg = Release|Any CPU
		{097DF42A-CAEC-4A7F-BDB7-E200C0DA2665}.Release|Any CPU.Build.0 = Release|Any CPU
		{47E96E8D-C425-4B49-BC11-BF4607CF4D7D}.Debug|Any CPU.ActiveCfg = Debug|Any CPU
		{47E96E8D-C425-4B49-BC11-BF4607CF4D7D}.Debug|Any CPU.Build.0 = Debug|Any CPU
		{47E96E8D-C425-4B49-BC11-BF4607CF4D7D}.Release|Any CPU.ActiveCfg = Release|Any CPU
		{47E96E8D-C425-4B49-BC11-BF4607CF4D7D}.Release|Any CPU.Build.0 = Release|Any CPU
		{EDCDB1E1-9764-4803-89FE-B3C30831D3AE}.Debug|Any CPU.ActiveCfg = Debug|Any CPU
		{EDCDB1E1-9764-4803-89FE-B3C30831D3AE}.Debug|Any CPU.Build.0 = Debug|Any CPU
		{EDCDB1E1-9764-4803-89FE-B3C30831D3AE}.Release|Any CPU.ActiveCfg = Release|Any CPU
		{EDCDB1E1-9764-4803-89FE-B3C30831D3AE}.Release|Any CPU.Build.0 = Release|Any CPU
		{F077B1D0-8548-496E-A28A-1C99F5C1B489}.Debug|Any CPU.ActiveCfg = Debug|Any CPU
		{F077B1D0-8548-496E-A28A-1C99F5C1B489}.Debug|Any CPU.Build.0 = Debug|Any CPU
		{F077B1D0-8548-496E-A28A-1C99F5C1B489}.Release|Any CPU.ActiveCfg = Release|Any CPU
		{F077B1D0-8548-496E-A28A-1C99F5C1B489}.Release|Any CPU.Build.0 = Release|Any CPU
		{2398BBE1-948C-43D2-BF93-46D9C26A455F}.Debug|Any CPU.ActiveCfg = Debug|Any CPU
		{2398BBE1-948C-43D2-BF93-46D9C26A455F}.Debug|Any CPU.Build.0 = Debug|Any CPU
		{2398BBE1-948C-43D2-BF93-46D9C26A455F}.Release|Any CPU.ActiveCfg = Release|Any CPU
		{2398BBE1-948C-43D2-BF93-46D9C26A455F}.Release|Any CPU.Build.0 = Release|Any CPU
		{16B97E64-798C-47D7-AC30-E96162232AAC}.Debug|Any CPU.ActiveCfg = Debug|Any CPU
		{16B97E64-798C-47D7-AC30-E96162232AAC}.Debug|Any CPU.Build.0 = Debug|Any CPU
		{16B97E64-798C-47D7-AC30-E96162232AAC}.Release|Any CPU.ActiveCfg = Release|Any CPU
		{16B97E64-798C-47D7-AC30-E96162232AAC}.Release|Any CPU.Build.0 = Release|Any CPU
	EndGlobalSection
	GlobalSection(SolutionProperties) = preSolution
		HideSolutionNode = FALSE
	EndGlobalSection
	GlobalSection(ExtensibilityGlobals) = postSolution
		SolutionGuid = {75FEBEAC-18E1-4866-BFC4-867A0C1207CC}
	EndGlobalSection
EndGlobal
